
Microsoft Visual Studio Solution File, Format Version 12.00
# Visual Studio 2012
Project("{FAE04EC0-301F-11D3-BF4B-00C04F79EFBC}") = "App2", "App2\App2.csproj", "{43D8E6A2-9A70-447C-BAFE-29B8B395183F}"
EndProject
Project("{FAE04EC0-301F-11D3-BF4B-00C04F79EFBC}") = "App2.iOS", "iOS\App2.iOS.csproj", "{5525026E-9592-4818-91B8-FDDE3E667209}"
EndProject
Project("{FAE04EC0-301F-11D3-BF4B-00C04F79EFBC}") = "App2.Droid", "Droid\App2.Droid.csproj", "{C85517AC-3348-40D9-8955-F7D9F9786E2B}"
EndProject
Global
	GlobalSection(SolutionConfigurationPlatforms) = preSolution
		Debug|Any CPU = Debug|Any CPU
		Release|Any CPU = Release|Any CPU
		Debug|iPhoneSimulator = Debug|iPhoneSimulator
		Release|iPhone = Release|iPhone
		Release|iPhoneSimulator = Release|iPhoneSimulator
		Debug|iPhone = Debug|iPhone
	EndGlobalSection
	GlobalSection(ProjectConfigurationPlatforms) = postSolution
		{43D8E6A2-9A70-447C-BAFE-29B8B395183F}.Debug|Any CPU.ActiveCfg = Debug|Any CPU
		{43D8E6A2-9A70-447C-BAFE-29B8B395183F}.Debug|Any CPU.Build.0 = Debug|Any CPU
		{43D8E6A2-9A70-447C-BAFE-29B8B395183F}.Release|Any CPU.ActiveCfg = Release|Any CPU
		{43D8E6A2-9A70-447C-BAFE-29B8B395183F}.Release|Any CPU.Build.0 = Release|Any CPU
		{43D8E6A2-9A70-447C-BAFE-29B8B395183F}.Debug|iPhoneSimulator.ActiveCfg = Debug|Any CPU
		{43D8E6A2-9A70-447C-BAFE-29B8B395183F}.Debug|iPhoneSimulator.Build.0 = Debug|Any CPU
		{43D8E6A2-9A70-447C-BAFE-29B8B395183F}.Release|iPhone.ActiveCfg = Release|Any CPU
		{43D8E6A2-9A70-447C-BAFE-29B8B395183F}.Release|iPhone.Build.0 = Release|Any CPU
		{43D8E6A2-9A70-447C-BAFE-29B8B395183F}.Release|iPhoneSimulator.ActiveCfg = Release|Any CPU
		{43D8E6A2-9A70-447C-BAFE-29B8B395183F}.Release|iPhoneSimulator.Build.0 = Release|Any CPU
		{43D8E6A2-9A70-447C-BAFE-29B8B395183F}.Debug|iPhone.ActiveCfg = Debug|Any CPU
		{43D8E6A2-9A70-447C-BAFE-29B8B395183F}.Debug|iPhone.Build.0 = Debug|Any CPU
		{5525026E-9592-4818-91B8-FDDE3E667209}.Debug|Any CPU.ActiveCfg = Debug|iPhoneSimulator
		{5525026E-9592-4818-91B8-FDDE3E667209}.Debug|Any CPU.Build.0 = Debug|iPhoneSimulator
		{5525026E-9592-4818-91B8-FDDE3E667209}.Release|Any CPU.ActiveCfg = Release|iPhone
		{5525026E-9592-4818-91B8-FDDE3E667209}.Release|Any CPU.Build.0 = Release|iPhone
		{5525026E-9592-4818-91B8-FDDE3E667209}.Debug|iPhoneSimulator.ActiveCfg = Debug|iPhoneSimulator
		{5525026E-9592-4818-91B8-FDDE3E667209}.Debug|iPhoneSimulator.Build.0 = Debug|iPhoneSimulator
		{5525026E-9592-4818-91B8-FDDE3E667209}.Release|iPhone.ActiveCfg = Release|iPhone
		{5525026E-9592-4818-91B8-FDDE3E667209}.Release|iPhone.Build.0 = Release|iPhone
		{5525026E-9592-4818-91B8-FDDE3E667209}.Release|iPhoneSimulator.ActiveCfg = Release|iPhoneSimulator
		{5525026E-9592-4818-91B8-FDDE3E667209}.Release|iPhoneSimulator.Build.0 = Release|iPhoneSimulator
		{5525026E-9592-4818-91B8-FDDE3E667209}.Debug|iPhone.ActiveCfg = Debug|iPhone
		{5525026E-9592-4818-91B8-FDDE3E667209}.Debug|iPhone.Build.0 = Debug|iPhone
		{C85517AC-3348-40D9-8955-F7D9F9786E2B}.Debug|Any CPU.ActiveCfg = Debug|Any CPU
		{C85517AC-3348-40D9-8955-F7D9F9786E2B}.Debug|Any CPU.Build.0 = Debug|Any CPU
		{C85517AC-3348-40D9-8955-F7D9F9786E2B}.Release|Any CPU.ActiveCfg = Release|Any CPU
		{C85517AC-3348-40D9-8955-F7D9F9786E2B}.Release|Any CPU.Build.0 = Release|Any CPU
		{C85517AC-3348-40D9-8955-F7D9F9786E2B}.Debug|iPhoneSimulator.ActiveCfg = Debug|Any CPU
		{C85517AC-3348-40D9-8955-F7D9F9786E2B}.Debug|iPhoneSimulator.Build.0 = Debug|Any CPU
		{C85517AC-3348-40D9-8955-F7D9F9786E2B}.Release|iPhone.ActiveCfg = Release|Any CPU
		{C85517AC-3348-40D9-8955-F7D9F9786E2B}.Release|iPhone.Build.0 = Release|Any CPU
		{C85517AC-3348-40D9-8955-F7D9F9786E2B}.Release|iPhoneSimulator.ActiveCfg = Release|Any CPU
		{C85517AC-3348-40D9-8955-F7D9F9786E2B}.Release|iPhoneSimulator.Build.0 = Release|Any CPU
		{C85517AC-3348-40D9-8955-F7D9F9786E2B}.Debug|iPhone.ActiveCfg = Debug|Any CPU
		{C85517AC-3348-40D9-8955-F7D9F9786E2B}.Debug|iPhone.Build.0 = Debug|Any CPU
	EndGlobalSection
EndGlobal
